
Microsoft Visual Studio Solution File, Format Version 12.00
# Visual Studio 15
VisualStudioVersion = 15.0.28306.52
MinimumVisualStudioVersion = 10.0.40219.1
Project("{8BC9CEB8-8B4A-11D0-8D11-00A0C91BC942}") = "Funkcje_matematyczne", "Funkcje_matematyczne\Funkcje_matematyczne.vcxproj", "{A1DE0F0F-8795-4A2B-8771-F4DE00DCFBB4}"
EndProject
Global
	GlobalSection(SolutionConfigurationPlatforms) = preSolution
		Debug|x64 = Debug|x64
		Debug|x86 = Debug|x86
		Release|x64 = Release|x64
		Release|x86 = Release|x86
	EndGlobalSection
	GlobalSection(ProjectConfigurationPlatforms) = postSolution
		{A1DE0F0F-8795-4A2B-8771-F4DE00DCFBB4}.Debug|x64.ActiveCfg = Debug|x64
		{A1DE0F0F-8795-4A2B-8771-F4DE00DCFBB4}.Debug|x64.Build.0 = Debug|x64
		{A1DE0F0F-8795-4A2B-8771-F4DE00DCFBB4}.Debug|x86.ActiveCfg = Debug|Win32
		{A1DE0F0F-8795-4A2B-8771-F4DE00DCFBB4}.Debug|x86.Build.0 = Debug|Win32
		{A1DE0F0F-8795-4A2B-8771-F4DE00DCFBB4}.Release|x64.ActiveCfg = Release|x64
		{A1DE0F0F-8795-4A2B-8771-F4DE00DCFBB4}.Release|x64.Build.0 = Release|x64
		{A1DE0F0F-8795-4A2B-8771-F4DE00DCFBB4}.Release|x86.ActiveCfg = Release|Win32
		{A1DE0F0F-8795-4A2B-8771-F4DE00DCFBB4}.Release|x86.Build.0 = Release|Win32
	EndGlobalSection
	GlobalSection(SolutionProperties) = preSolution
		HideSolutionNode = FALSE
	EndGlobalSection
	GlobalSection(ExtensibilityGlobals) = postSolution
		SolutionGuid = {24839384-E33C-43F5-9BBF-BC18112AFADE}
	EndGlobalSection
EndGlobal
